
Microsoft Visual Studio Solution File, Format Version 11.00
# Visual Studio 2010
Project("{FAE04EC0-301F-11D3-BF4B-00C04F79EFBC}") = "mythos_game_2018", "Assembly-CSharp.csproj", "{BCF405B9-D5EF-91E9-1B03-0EA047E46411}"
EndProject
Project("{FAE04EC0-301F-11D3-BF4B-00C04F79EFBC}") = "mythos_game_2018", "Assembly-CSharp-firstpass.csproj", "{F91B9A2D-E81B-3FC9-2B19-2E5414ACBE63}"
EndProject
Project("{FAE04EC0-301F-11D3-BF4B-00C04F79EFBC}") = "mythos_game_2018", "Assembly-CSharp-Editor-firstpass.csproj", "{992C57D3-8A31-F3BD-5CFB-88584F640A97}"
EndProject
Project("{FAE04EC0-301F-11D3-BF4B-00C04F79EFBC}") = "mythos_game_2018", "Assembly-CSharp-Editor.csproj", "{1A87390E-71E2-0680-D283-2001EF600F15}"
EndProject
Global
	GlobalSection(SolutionConfigurationPlatforms) = preSolution
		Debug|Any CPU = Debug|Any CPU
		Release|Any CPU = Release|Any CPU
	EndGlobalSection
	GlobalSection(ProjectConfigurationPlatforms) = postSolution
		{BCF405B9-D5EF-91E9-1B03-0EA047E46411}.Debug|Any CPU.ActiveCfg = Debug|Any CPU
		{BCF405B9-D5EF-91E9-1B03-0EA047E46411}.Debug|Any CPU.Build.0 = Debug|Any CPU
		{BCF405B9-D5EF-91E9-1B03-0EA047E46411}.Release|Any CPU.ActiveCfg = Release|Any CPU
		{BCF405B9-D5EF-91E9-1B03-0EA047E46411}.Release|Any CPU.Build.0 = Release|Any CPU
		{F91B9A2D-E81B-3FC9-2B19-2E5414ACBE63}.Debug|Any CPU.ActiveCfg = Debug|Any CPU
		{F91B9A2D-E81B-3FC9-2B19-2E5414ACBE63}.Debug|Any CPU.Build.0 = Debug|Any CPU
		{F91B9A2D-E81B-3FC9-2B19-2E5414ACBE63}.Release|Any CPU.ActiveCfg = Release|Any CPU
		{F91B9A2D-E81B-3FC9-2B19-2E5414ACBE63}.Release|Any CPU.Build.0 = Release|Any CPU
		{992C57D3-8A31-F3BD-5CFB-88584F640A97}.Debug|Any CPU.ActiveCfg = Debug|Any CPU
		{992C57D3-8A31-F3BD-5CFB-88584F640A97}.Debug|Any CPU.Build.0 = Debug|Any CPU
		{992C57D3-8A31-F3BD-5CFB-88584F640A97}.Release|Any CPU.ActiveCfg = Release|Any CPU
		{992C57D3-8A31-F3BD-5CFB-88584F640A97}.Release|Any CPU.Build.0 = Release|Any CPU
		{1A87390E-71E2-0680-D283-2001EF600F15}.Debug|Any CPU.ActiveCfg = Debug|Any CPU
		{1A87390E-71E2-0680-D283-2001EF600F15}.Debug|Any CPU.Build.0 = Debug|Any CPU
		{1A87390E-71E2-0680-D283-2001EF600F15}.Release|Any CPU.ActiveCfg = Release|Any CPU
		{1A87390E-71E2-0680-D283-2001EF600F15}.Release|Any CPU.Build.0 = Release|Any CPU
	EndGlobalSection
	GlobalSection(SolutionProperties) = preSolution
		HideSolutionNode = FALSE
	EndGlobalSection
	GlobalSection(MonoDevelopProperties) = preSolution
		StartupItem = Assembly-CSharp.csproj
	EndGlobalSection
EndGlobal
